
Microsoft Visual Studio Solution File, Format Version 12.00
# Visual Studio 15
VisualStudioVersion = 15.0.26124.0
MinimumVisualStudioVersion = 15.0.26124.0
Project("{FAE04EC0-301F-11D3-BF4B-00C04F79EFBC}") = "library", "library\library.csproj", "{FD997024-491B-4325-B993-01BB6FE7E6C6}"
EndProject
Project("{FAE04EC0-301F-11D3-BF4B-00C04F79EFBC}") = "test-library", "test-library\test-library.csproj", "{1B747C13-33F6-4231-9D67-89CC21AB050B}"
EndProject
Project("{FAE04EC0-301F-11D3-BF4B-00C04F79EFBC}") = "app", "app\app.csproj", "{5F644C9C-4CE3-499A-B64A-EC4E3EB792CD}"
EndProject
Global
	GlobalSection(SolutionConfigurationPlatforms) = preSolution
		Debug|Any CPU = Debug|Any CPU
		Debug|x64 = Debug|x64
		Debug|x86 = Debug|x86
		Release|Any CPU = Release|Any CPU
		Release|x64 = Release|x64
		Release|x86 = Release|x86
	EndGlobalSection
	GlobalSection(SolutionProperties) = preSolution
		HideSolutionNode = FALSE
	EndGlobalSection
	GlobalSection(ProjectConfigurationPlatforms) = postSolution
		{FD997024-491B-4325-B993-01BB6FE7E6C6}.Debug|Any CPU.ActiveCfg = Debug|Any CPU
		{FD997024-491B-4325-B993-01BB6FE7E6C6}.Debug|Any CPU.Build.0 = Debug|Any CPU
		{FD997024-491B-4325-B993-01BB6FE7E6C6}.Debug|x64.ActiveCfg = Debug|Any CPU
		{FD997024-491B-4325-B993-01BB6FE7E6C6}.Debug|x64.Build.0 = Debug|Any CPU
		{FD997024-491B-4325-B993-01BB6FE7E6C6}.Debug|x86.ActiveCfg = Debug|Any CPU
		{FD997024-491B-4325-B993-01BB6FE7E6C6}.Debug|x86.Build.0 = Debug|Any CPU
		{FD997024-491B-4325-B993-01BB6FE7E6C6}.Release|Any CPU.ActiveCfg = Release|Any CPU
		{FD997024-491B-4325-B993-01BB6FE7E6C6}.Release|Any CPU.Build.0 = Release|Any CPU
		{FD997024-491B-4325-B993-01BB6FE7E6C6}.Release|x64.ActiveCfg = Release|Any CPU
		{FD997024-491B-4325-B993-01BB6FE7E6C6}.Release|x64.Build.0 = Release|Any CPU
		{FD997024-491B-4325-B993-01BB6FE7E6C6}.Release|x86.ActiveCfg = Release|Any CPU
		{FD997024-491B-4325-B993-01BB6FE7E6C6}.Release|x86.Build.0 = Release|Any CPU
		{1B747C13-33F6-4231-9D67-89CC21AB050B}.Debug|Any CPU.ActiveCfg = Debug|Any CPU
		{1B747C13-33F6-4231-9D67-89CC21AB050B}.Debug|Any CPU.Build.0 = Debug|Any CPU
		{1B747C13-33F6-4231-9D67-89CC21AB050B}.Debug|x64.ActiveCfg = Debug|Any CPU
		{1B747C13-33F6-4231-9D67-89CC21AB050B}.Debug|x64.Build.0 = Debug|Any CPU
		{1B747C13-33F6-4231-9D67-89CC21AB050B}.Debug|x86.ActiveCfg = Debug|Any CPU
		{1B747C13-33F6-4231-9D67-89CC21AB050B}.Debug|x86.Build.0 = Debug|Any CPU
		{1B747C13-33F6-4231-9D67-89CC21AB050B}.Release|Any CPU.ActiveCfg = Release|Any CPU
		{1B747C13-33F6-4231-9D67-89CC21AB050B}.Release|Any CPU.Build.0 = Release|Any CPU
		{1B747C13-33F6-4231-9D67-89CC21AB050B}.Release|x64.ActiveCfg = Release|Any CPU
		{1B747C13-33F6-4231-9D67-89CC21AB050B}.Release|x64.Build.0 = Release|Any CPU
		{1B747C13-33F6-4231-9D67-89CC21AB050B}.Release|x86.ActiveCfg = Release|Any CPU
		{1B747C13-33F6-4231-9D67-89CC21AB050B}.Release|x86.Build.0 = Release|Any CPU
		{5F644C9C-4CE3-499A-B64A-EC4E3EB792CD}.Debug|Any CPU.ActiveCfg = Debug|Any CPU
		{5F644C9C-4CE3-499A-B64A-EC4E3EB792CD}.Debug|Any CPU.Build.0 = Debug|Any CPU
		{5F644C9C-4CE3-499A-B64A-EC4E3EB792CD}.Debug|x64.ActiveCfg = Debug|Any CPU
		{5F644C9C-4CE3-499A-B64A-EC4E3EB792CD}.Debug|x64.Build.0 = Debug|Any CPU
		{5F644C9C-4CE3-499A-B64A-EC4E3EB792CD}.Debug|x86.ActiveCfg = Debug|Any CPU
		{5F644C9C-4CE3-499A-B64A-EC4E3EB792CD}.Debug|x86.Build.0 = Debug|Any CPU
		{5F644C9C-4CE3-499A-B64A-EC4E3EB792CD}.Release|Any CPU.ActiveCfg = Release|Any CPU
		{5F644C9C-4CE3-499A-B64A-EC4E3EB792CD}.Release|Any CPU.Build.0 = Release|Any CPU
		{5F644C9C-4CE3-499A-B64A-EC4E3EB792CD}.Release|x64.ActiveCfg = Release|Any CPU
		{5F644C9C-4CE3-499A-B64A-EC4E3EB792CD}.Release|x64.Build.0 = Release|Any CPU
		{5F644C9C-4CE3-499A-B64A-EC4E3EB792CD}.Release|x86.ActiveCfg = Release|Any CPU
		{5F644C9C-4CE3-499A-B64A-EC4E3EB792CD}.Release|x86.Build.0 = Release|Any CPU
	EndGlobalSection
EndGlobal
