
Microsoft Visual Studio Solution File, Format Version 12.00
# Visual Studio 15
Project("{FAE04EC0-301F-11D3-BF4B-00C04F79EFBC}") = "QuickDate", "QuickDate\QuickDate.csproj", "{DCD799A1-7C5D-4873-9624-6D993AD68D6C}"
EndProject
Global
	GlobalSection(SolutionConfigurationPlatforms) = preSolution
		Debug|anycpu = Debug|anycpu
		Release|anycpu = Release|anycpu
	EndGlobalSection
	GlobalSection(ProjectConfigurationPlatforms) = postSolution
		{DCD799A1-7C5D-4873-9624-6D993AD68D6C}.Debug|anycpu.ActiveCfg = Debug|anycpu
		{DCD799A1-7C5D-4873-9624-6D993AD68D6C}.Debug|anycpu.Build.0 = Debug|anycpu
		{DCD799A1-7C5D-4873-9624-6D993AD68D6C}.Release|anycpu.ActiveCfg = Release|anycpu
		{DCD799A1-7C5D-4873-9624-6D993AD68D6C}.Release|anycpu.Build.0 = Release|anycpu
	EndGlobalSection
EndGlobal
